{
  "name": "realestatify-theme",
  "version": "1.1.0",
  "lockfileVersion": 3,
  "requires": true,
  "packages": {
    "": {
      "name": "realestatify-theme",
      "version": "1.1.0",
      "license": "MIT",
      "devDependencies": {
        "@hugolify/prettier-config": "^0.3.1"
      }
    },
    "node_modules/@hugolify/prettier-config": {
      "version": "0.3.1",
      "resolved": "https://registry.npmjs.org/@hugolify/prettier-config/-/prettier-config-0.3.1.tgz",
      "integrity": "sha512-t74NNtPARZLeMRfof+lYG3/tzLTj8uDm+g41ncpJm9wWePqLoqo3clYa0GAoPTNiiSFCWoL1NcZ+0u/SUKj8Lw==",
      "dev": true
    }
  }
}
